
Microsoft Visual Studio Solution File, Format Version 12.00
# Visual Studio 2012
Project("{FAE04EC0-301F-11D3-BF4B-00C04F79EFBC}") = "RandomPasswordGenerator", "RandomPasswordGenerator.csproj", "{AB184BB3-7CB0-4A37-B95D-056FD6ECA753}"
EndProject
Project("{FAE04EC0-301F-11D3-BF4B-00C04F79EFBC}") = "RandomPasswordGeneratorWPF", "RandomPasswordGeneratorWPF\RandomPasswordGeneratorWPF.csproj", "{77AAABD0-94A5-48AC-AB18-ABCB15E1A235}"
EndProject
Project("{FAE04EC0-301F-11D3-BF4B-00C04F79EFBC}") = "PassGenLogic", "PassGenLogic\PassGenLogic\PassGenLogic.csproj", "{68BD2A13-4F69-423E-8D52-F2D4E88FA91D}"
EndProject
Global
	GlobalSection(SolutionConfigurationPlatforms) = preSolution
		Debug|Any CPU = Debug|Any CPU
		Release|Any CPU = Release|Any CPU
	EndGlobalSection
	GlobalSection(ProjectConfigurationPlatforms) = postSolution
		{AB184BB3-7CB0-4A37-B95D-056FD6ECA753}.Debug|Any CPU.ActiveCfg = Debug|Any CPU
		{AB184BB3-7CB0-4A37-B95D-056FD6ECA753}.Debug|Any CPU.Build.0 = Debug|Any CPU
		{AB184BB3-7CB0-4A37-B95D-056FD6ECA753}.Release|Any CPU.ActiveCfg = Release|Any CPU
		{AB184BB3-7CB0-4A37-B95D-056FD6ECA753}.Release|Any CPU.Build.0 = Release|Any CPU
		{77AAABD0-94A5-48AC-AB18-ABCB15E1A235}.Debug|Any CPU.ActiveCfg = Debug|Any CPU
		{77AAABD0-94A5-48AC-AB18-ABCB15E1A235}.Debug|Any CPU.Build.0 = Debug|Any CPU
		{77AAABD0-94A5-48AC-AB18-ABCB15E1A235}.Release|Any CPU.ActiveCfg = Release|Any CPU
		{77AAABD0-94A5-48AC-AB18-ABCB15E1A235}.Release|Any CPU.Build.0 = Release|Any CPU
		{68BD2A13-4F69-423E-8D52-F2D4E88FA91D}.Debug|Any CPU.ActiveCfg = Debug|Any CPU
		{68BD2A13-4F69-423E-8D52-F2D4E88FA91D}.Debug|Any CPU.Build.0 = Debug|Any CPU
		{68BD2A13-4F69-423E-8D52-F2D4E88FA91D}.Release|Any CPU.ActiveCfg = Release|Any CPU
		{68BD2A13-4F69-423E-8D52-F2D4E88FA91D}.Release|Any CPU.Build.0 = Release|Any CPU
	EndGlobalSection
	GlobalSection(SolutionProperties) = preSolution
		HideSolutionNode = FALSE
	EndGlobalSection
EndGlobal
